
Microsoft Visual Studio Solution File, Format Version 12.00
# Visual Studio Version 16
VisualStudioVersion = 16.0.30804.86
MinimumVisualStudioVersion = 10.0.40219.1
Project("{9A19103F-16F7-4668-BE54-9A1E7A4F7556}") = "CSharp-AdvancedConcepts", "CSharp-AdvancedConcepts\CSharp-AdvancedConcepts.csproj", "{F1265141-FA3E-41E0-8652-12E9E4E8D38D}"
EndProject
Project("{9A19103F-16F7-4668-BE54-9A1E7A4F7556}") = "Events", "Events\Events.csproj", "{4DE5EEA6-173E-4D41-86C1-037B487A4850}"
EndProject
Project("{9A19103F-16F7-4668-BE54-9A1E7A4F7556}") = "Delegates", "Delegates\Delegates.csproj", "{9B7C00B8-87F1-4B08-8C42-C5135A7260A9}"
EndProject
Project("{9A19103F-16F7-4668-BE54-9A1E7A4F7556}") = "OpenClosesPrinciple", "OpenClosesPrinciple\OpenClosesPrinciple.csproj", "{6501D985-9C31-4BBA-86B4-DCA40AD7B3ED}"
EndProject
Project("{FAE04EC0-301F-11D3-BF4B-00C04F79EFBC}") = "ReflectionExample", "Reflection\ReflectionExample.csproj", "{DA3D4E15-9F93-4BBC-9D5D-73EDBD164802}"
EndProject
Global
	GlobalSection(SolutionConfigurationPlatforms) = preSolution
		Debug|Any CPU = Debug|Any CPU
		Release|Any CPU = Release|Any CPU
	EndGlobalSection
	GlobalSection(ProjectConfigurationPlatforms) = postSolution
		{F1265141-FA3E-41E0-8652-12E9E4E8D38D}.Debug|Any CPU.ActiveCfg = Debug|Any CPU
		{F1265141-FA3E-41E0-8652-12E9E4E8D38D}.Debug|Any CPU.Build.0 = Debug|Any CPU
		{F1265141-FA3E-41E0-8652-12E9E4E8D38D}.Release|Any CPU.ActiveCfg = Release|Any CPU
		{F1265141-FA3E-41E0-8652-12E9E4E8D38D}.Release|Any CPU.Build.0 = Release|Any CPU
		{4DE5EEA6-173E-4D41-86C1-037B487A4850}.Debug|Any CPU.ActiveCfg = Debug|Any CPU
		{4DE5EEA6-173E-4D41-86C1-037B487A4850}.Debug|Any CPU.Build.0 = Debug|Any CPU
		{4DE5EEA6-173E-4D41-86C1-037B487A4850}.Release|Any CPU.ActiveCfg = Release|Any CPU
		{4DE5EEA6-173E-4D41-86C1-037B487A4850}.Release|Any CPU.Build.0 = Release|Any CPU
		{9B7C00B8-87F1-4B08-8C42-C5135A7260A9}.Debug|Any CPU.ActiveCfg = Debug|Any CPU
		{9B7C00B8-87F1-4B08-8C42-C5135A7260A9}.Debug|Any CPU.Build.0 = Debug|Any CPU
		{9B7C00B8-87F1-4B08-8C42-C5135A7260A9}.Release|Any CPU.ActiveCfg = Release|Any CPU
		{9B7C00B8-87F1-4B08-8C42-C5135A7260A9}.Release|Any CPU.Build.0 = Release|Any CPU
		{6501D985-9C31-4BBA-86B4-DCA40AD7B3ED}.Debug|Any CPU.ActiveCfg = Debug|Any CPU
		{6501D985-9C31-4BBA-86B4-DCA40AD7B3ED}.Debug|Any CPU.Build.0 = Debug|Any CPU
		{6501D985-9C31-4BBA-86B4-DCA40AD7B3ED}.Release|Any CPU.ActiveCfg = Release|Any CPU
		{6501D985-9C31-4BBA-86B4-DCA40AD7B3ED}.Release|Any CPU.Build.0 = Release|Any CPU
		{DA3D4E15-9F93-4BBC-9D5D-73EDBD164802}.Debug|Any CPU.ActiveCfg = Debug|Any CPU
		{DA3D4E15-9F93-4BBC-9D5D-73EDBD164802}.Debug|Any CPU.Build.0 = Debug|Any CPU
		{DA3D4E15-9F93-4BBC-9D5D-73EDBD164802}.Release|Any CPU.ActiveCfg = Release|Any CPU
		{DA3D4E15-9F93-4BBC-9D5D-73EDBD164802}.Release|Any CPU.Build.0 = Release|Any CPU
	EndGlobalSection
	GlobalSection(SolutionProperties) = preSolution
		HideSolutionNode = FALSE
	EndGlobalSection
	GlobalSection(ExtensibilityGlobals) = postSolution
		SolutionGuid = {F62F93A6-F595-4DB0-80A8-9CF5C232A2B0}
	EndGlobalSection
EndGlobal
